
Microsoft Visual Studio Solution File, Format Version 12.00
# Visual Studio Version 17
VisualStudioVersion = 17.14.36518.9
MinimumVisualStudioVersion = 10.0.40219.1
Project("{FAE04EC0-301F-11D3-BF4B-00C04F79EFBC}") = "PixelBox", "PixelBox\PixelBox.csproj", "{B5DB415B-46AD-4651-BA00-115FA78EAFA8}"
EndProject
Project("{FAE04EC0-301F-11D3-BF4B-00C04F79EFBC}") = "PixelBox.Demo", "PixelBox.Demo\PixelBox.Demo.csproj", "{E6F21E09-C233-42CF-9DBB-21C5FE876DF1}"
EndProject
Global
	GlobalSection(SolutionConfigurationPlatforms) = preSolution
		Debug|Any CPU = Debug|Any CPU
		Release|Any CPU = Release|Any CPU
	EndGlobalSection
	GlobalSection(ProjectConfigurationPlatforms) = postSolution
		{B5DB415B-46AD-4651-BA00-115FA78EAFA8}.Debug|Any CPU.ActiveCfg = Debug|Any CPU
		{B5DB415B-46AD-4651-BA00-115FA78EAFA8}.Debug|Any CPU.Build.0 = Debug|Any CPU
		{B5DB415B-46AD-4651-BA00-115FA78EAFA8}.Release|Any CPU.ActiveCfg = Release|Any CPU
		{B5DB415B-46AD-4651-BA00-115FA78EAFA8}.Release|Any CPU.Build.0 = Release|Any CPU
		{E6F21E09-C233-42CF-9DBB-21C5FE876DF1}.Debug|Any CPU.ActiveCfg = Debug|Any CPU
		{E6F21E09-C233-42CF-9DBB-21C5FE876DF1}.Debug|Any CPU.Build.0 = Debug|Any CPU
		{E6F21E09-C233-42CF-9DBB-21C5FE876DF1}.Release|Any CPU.ActiveCfg = Release|Any CPU
		{E6F21E09-C233-42CF-9DBB-21C5FE876DF1}.Release|Any CPU.Build.0 = Release|Any CPU
	EndGlobalSection
	GlobalSection(SolutionProperties) = preSolution
		HideSolutionNode = FALSE
	EndGlobalSection
	GlobalSection(ExtensibilityGlobals) = postSolution
		SolutionGuid = {BA15FF8B-3732-4D58-9A96-75CD84A3C0B7}
	EndGlobalSection
EndGlobal
